
Microsoft Visual Studio Solution File, Format Version 12.00
# Visual Studio 14
VisualStudioVersion = 14.0.23107.0
MinimumVisualStudioVersion = 10.0.40219.1
Project("{FAE04EC0-301F-11D3-BF4B-00C04F79EFBC}") = "EquinoxUnturned", "EquinoxUnturned\EquinoxUnturned.csproj", "{0EA07975-1D80-4845-84ED-794B4BC46A96}"
EndProject
Project("{FAE04EC0-301F-11D3-BF4B-00C04F79EFBC}") = "UnturnedPatcher", "UnturnedPatcher\UnturnedPatcher.csproj", "{A379D0CF-9463-4FF8-96F1-855CDAE7F9AD}"
EndProject
Project("{FAE04EC0-301F-11D3-BF4B-00C04F79EFBC}") = "GoldLoot", "GoldLoot\GoldLoot.csproj", "{2DA70249-F736-4FB1-8F87-5D9606D1269F}"
EndProject
Global
	GlobalSection(SolutionConfigurationPlatforms) = preSolution
		Debug|Any CPU = Debug|Any CPU
		Release|Any CPU = Release|Any CPU
	EndGlobalSection
	GlobalSection(ProjectConfigurationPlatforms) = postSolution
		{0EA07975-1D80-4845-84ED-794B4BC46A96}.Debug|Any CPU.ActiveCfg = Debug|Any CPU
		{0EA07975-1D80-4845-84ED-794B4BC46A96}.Debug|Any CPU.Build.0 = Debug|Any CPU
		{0EA07975-1D80-4845-84ED-794B4BC46A96}.Release|Any CPU.ActiveCfg = Release|Any CPU
		{0EA07975-1D80-4845-84ED-794B4BC46A96}.Release|Any CPU.Build.0 = Release|Any CPU
		{A379D0CF-9463-4FF8-96F1-855CDAE7F9AD}.Debug|Any CPU.ActiveCfg = Debug|Any CPU
		{A379D0CF-9463-4FF8-96F1-855CDAE7F9AD}.Debug|Any CPU.Build.0 = Debug|Any CPU
		{A379D0CF-9463-4FF8-96F1-855CDAE7F9AD}.Release|Any CPU.ActiveCfg = Release|Any CPU
		{A379D0CF-9463-4FF8-96F1-855CDAE7F9AD}.Release|Any CPU.Build.0 = Release|Any CPU
		{2DA70249-F736-4FB1-8F87-5D9606D1269F}.Debug|Any CPU.ActiveCfg = Debug|Any CPU
		{2DA70249-F736-4FB1-8F87-5D9606D1269F}.Debug|Any CPU.Build.0 = Debug|Any CPU
		{2DA70249-F736-4FB1-8F87-5D9606D1269F}.Release|Any CPU.ActiveCfg = Release|Any CPU
		{2DA70249-F736-4FB1-8F87-5D9606D1269F}.Release|Any CPU.Build.0 = Release|Any CPU
	EndGlobalSection
	GlobalSection(SolutionProperties) = preSolution
		HideSolutionNode = FALSE
	EndGlobalSection
EndGlobal
